// !$*UTF8*$!
{
	archiveVersion = 1;
	classes = {
	};
	objectVersion = 46;
	objects = {

/* Begin PBXBuildFile section */
		0A0093CC1DEE1F45008AC77A /* PersonCell.swift in Sources */ = {isa = PBXBuildFile; fileRef = 0A0093CB1DEE1F45008AC77A /* PersonCell.swift */; };
		0A0093CE1DEE2065008AC77A /* Person.swift in Sources */ = {isa = PBXBuildFile; fileRef = 0A0093CD1DEE2065008AC77A /* Person.swift */; };
		0A2A009F1DEA32BC00AD3839 /* AppDelegate.swift in Sources */ = {isa = PBXBuildFile; fileRef = 0A2A009E1DEA32BC00AD3839 /* AppDelegate.swift */; };
		0A2A00A11DEA32BC00AD3839 /* ViewController.swift in Sources */ = {isa = PBXBuildFile; fileRef = 0A2A00A01DEA32BC00AD3839 /* ViewController.swift */; };
		0A2A00A41DEA32BC00AD3839 /* Main.storyboard in Resources */ = {isa = PBXBuildFile; fileRef = 0A2A00A21DEA32BC00AD3839 /* Main.storyboard */; };
		0A2A00A61DEA32BC00AD3839 /* Assets.xcassets in Resources */ = {isa = PBXBuildFile; fileRef = 0A2A00A51DEA32BC00AD3839 /* Assets.xcassets */; };
		0A2A00A91DEA32BC00AD3839 /* LaunchScreen.storyboard in Resources */ = {isa = PBXBuildFile; fileRef = 0A2A00A71DEA32BC00AD3839 /* LaunchScreen.storyboard */; };
		0A2A00CF1DEA3F0100AD3839 /* DetailViewController.swift in Sources */ = {isa = PBXBuildFile; fileRef = 0A2A00CE1DEA3F0100AD3839 /* DetailViewController.swift */; };
/* End PBXBuildFile section */

/* Begin PBXFileReference section */
		0A0093CB1DEE1F45008AC77A /* PersonCell.swift */ = {isa = PBXFileReference; fileEncoding = 4; lastKnownFileType = sourcecode.swift; path = PersonCell.swift; sourceTree = "<group>"; };
		0A0093CD1DEE2065008AC77A /* Person.swift */ = {isa = PBXFileReference; fileEncoding = 4; lastKnownFileType = sourcecode.swift; path = Person.swift; sourceTree = "<group>"; };
		0A2A009B1DEA32BC00AD3839 /* TableView.app */ = {isa = PBXFileReference; explicitFileType = wrapper.application; includeInIndex = 0; path = TableView.app; sourceTree = BUILT_PRODUCTS_DIR; };
		0A2A009E1DEA32BC00AD3839 /* AppDelegate.swift */ = {isa = PBXFileReference; lastKnownFileType = sourcecode.swift; path = AppDelegate.swift; sourceTree = "<group>"; };
		0A2A00A01DEA32BC00AD3839 /* ViewController.swift */ = {isa = PBXFileReference; lastKnownFileType = sourcecode.swift; path = ViewController.swift; sourceTree = "<group>"; };
		0A2A00A31DEA32BC00AD3839 /* Base */ = {isa = PBXFileReference; lastKnownFileType = file.storyboard; name = Base; path = Base.lproj/Main.storyboard; sourceTree = "<group>"; };
		0A2A00A51DEA32BC00AD3839 /* Assets.xcassets */ = {isa = PBXFileReference; lastKnownFileType = folder.assetcatalog; path = Assets.xcassets; sourceTree = "<group>"; };
		0A2A00A81DEA32BC00AD3839 /* Base */ = {isa = PBXFileReference; lastKnownFileType = file.storyboard; name = Base; path = Base.lproj/LaunchScreen.storyboard; sourceTree = "<group>"; };
		0A2A00AA1DEA32BC00AD3839 /* Info.plist */ = {isa = PBXFileReference; lastKnownFileType = text.plist.xml; path = Info.plist; sourceTree = "<group>"; };
		0A2A00CE1DEA3F0100AD3839 /* DetailViewController.swift */ = {isa = PBXFileReference; fileEncoding = 4; lastKnownFileType = sourcecode.swift; path = DetailViewController.swift; sourceTree = "<group>"; };
/* End PBXFileReference section */

/* Begin PBXFrameworksBuildPhase section */
		0A2A00981DEA32BC00AD3839 /* Frameworks */ = {
			isa = PBXFrameworksBuildPhase;
			buildActionMask = 2147483647;
			files = (
			);
			runOnlyForDeploymentPostprocessing = 0;
		};
/* End PBXFrameworksBuildPhase section */

/* Begin PBXGroup section */
		0A2A00921DEA32BC00AD3839 = {
			isa = PBXGroup;
			children = (
				0A2A009D1DEA32BC00AD3839 /* TableView */,
				0A2A009C1DEA32BC00AD3839 /* Products */,
			);
			sourceTree = "<group>";
		};
		0A2A009C1DEA32BC00AD3839 /* Products */ = {
			isa = PBXGroup;
			children = (
				0A2A009B1DEA32BC00AD3839 /* TableView.app */,
			);
			name = Products;
			sourceTree = "<group>";
		};
		0A2A009D1DEA32BC00AD3839 /* TableView */ = {
			isa = PBXGroup;
			children = (
				0A2A009E1DEA32BC00AD3839 /* AppDelegate.swift */,
				0A2A00A01DEA32BC00AD3839 /* ViewController.swift */,
				0A0093CD1DEE2065008AC77A /* Person.swift */,
				0A2A00A21DEA32BC00AD3839 /* Main.storyboard */,
				0A2A00A51DEA32BC00AD3839 /* Assets.xcassets */,
				0A2A00A71DEA32BC00AD3839 /* LaunchScreen.storyboard */,
				0A2A00AA1DEA32BC00AD3839 /* Info.plist */,
				0A2A00CE1DEA3F0100AD3839 /* DetailViewController.swift */,
				0A0093CB1DEE1F45008AC77A /* PersonCell.swift */,
			);
			path = TableView;
			sourceTree = "<group>";
		};
/* End PBXGroup section */

/* Begin PBXNativeTarget section */
		0A2A009A1DEA32BC00AD3839 /* TableView */ = {
			isa = PBXNativeTarget;
			buildConfigurationList = 0A2A00AD1DEA32BC00AD3839 /* Build configuration list for PBXNativeTarget "TableView" */;
			buildPhases = (
				0A2A00971DEA32BC00AD3839 /* Sources */,
				0A2A00981DEA32BC00AD3839 /* Frameworks */,
				0A2A00991DEA32BC00AD3839 /* Resources */,
			);
			buildRules = (
			);
			dependencies = (
			);
			name = TableView;
			productName = TableView;
			productReference = 0A2A009B1DEA32BC00AD3839 /* TableView.app */;
			productType = "com.apple.product-type.application";
		};
/* End PBXNativeTarget section */

/* Begin PBXProject section */
		0A2A00931DEA32BC00AD3839 /* Project object */ = {
			isa = PBXProject;
			attributes = {
				LastSwiftUpdateCheck = 0810;
				LastUpgradeCheck = 0900;
				ORGANIZATIONNAME = "Daniel Lauer";
				TargetAttributes = {
					0A2A009A1DEA32BC00AD3839 = {
						CreatedOnToolsVersion = 8.1;
						ProvisioningStyle = Automatic;
					};
				};
			};
			buildConfigurationList = 0A2A00961DEA32BC00AD3839 /* Build configuration list for PBXProject "TableView" */;
			compatibilityVersion = "Xcode 3.2";
			developmentRegion = English;
			hasScannedForEncodings = 0;
			knownRegions = (
				en,
				Base,
			);
			mainGroup = 0A2A00921DEA32BC00AD3839;
			productRefGroup = 0A2A009C1DEA32BC00AD3839 /* Products */;
			projectDirPath = "";
			projectRoot = "";
			targets = (
				0A2A009A1DEA32BC00AD3839 /* TableView */,
			);
		};
/* End PBXProject section */

/* Begin PBXResourcesBuildPhase section */
		0A2A00991DEA32BC00AD3839 /* Resources */ = {
			isa = PBXResourcesBuildPhase;
			buildActionMask = 2147483647;
			files = (
				0A2A00A91DEA32BC00AD3839 /* LaunchScreen.storyboard in Resources */,
				0A2A00A61DEA32BC00AD3839 /* Assets.xcassets in Resources */,
				0A2A00A41DEA32BC00AD3839 /* Main.storyboard in Resources */,
			);
			runOnlyForDeploymentPostprocessing = 0;
		};
/* End PBXResourcesBuildPhase section */

/* Begin PBXSourcesBuildPhase section */
		0A2A00971DEA32BC00AD3839 /* Sources */ = {
			isa = PBXSourcesBuildPhase;
			buildActionMask = 2147483647;
			files = (
				0A0093CE1DEE2065008AC77A /* Person.swift in Sources */,
				0A2A00CF1DEA3F0100AD3839 /* DetailViewController.swift in Sources */,
				0A2A00A11DEA32BC00AD3839 /* ViewController.swift in Sources */,
				0A0093CC1DEE1F45008AC77A /* PersonCell.swift in Sources */,
				0A2A009F1DEA32BC00AD3839 /* AppDelegate.swift in Sources */,
			);
			runOnlyForDeploymentPostprocessing = 0;
		};
/* End PBXSourcesBuildPhase section */

/* Begin PBXVariantGroup section */
		0A2A00A21DEA32BC00AD3839 /* Main.storyboard */ = {
			isa = PBXVariantGroup;
			children = (
				0A2A00A31DEA32BC00AD3839 /* Base */,
			);
			name = Main.storyboard;
			sourceTree = "<group>";
		};
		0A2A00A71DEA32BC00AD3839 /* LaunchScreen.storyboard */ = {
			isa = PBXVariantGroup;
			children = (
				0A2A00A81DEA32BC00AD3839 /* Base */,
			);
			name = LaunchScreen.storyboard;
			sourceTree = "<group>";
		};
/* End PBXVariantGroup section */

/* Begin XCBuildConfiguration section */
		0A2A00AB1DEA32BC00AD3839 /* Debug */ = {
			isa = XCBuildConfiguration;
			buildSettings = {
				ALWAYS_SEARCH_USER_PATHS = NO;
				CLANG_ANALYZER_NONNULL = YES;
				CLANG_CXX_LANGUAGE_STANDARD = "gnu++0x";
				CLANG_CXX_LIBRARY = "libc++";
				CLANG_ENABLE_MODULES = YES;
				CLANG_ENABLE_OBJC_ARC = YES;
				CLANG_WARN_BLOCK_CAPTURE_AUTORELEASING = YES;
				CLANG_WARN_BOOL_CONVERSION = YES;
				CLANG_WARN_COMMA = YES;
				CLANG_WARN_CONSTANT_CONVERSION = YES;
				CLANG_WARN_DIRECT_OBJC_ISA_USAGE = YES_ERROR;
				CLANG_WARN_DOCUMENTATION_COMMENTS = YES;
				CLANG_WARN_EMPTY_BODY = YES;
				CLANG_WARN_ENUM_CONVERSION = YES;
				CLANG_WARN_INFINITE_RECURSION = YES;
				CLANG_WARN_INT_CONVERSION = YES;
				CLANG_WARN_NON_LITERAL_NULL_CONVERSION = YES;
				CLANG_WARN_OBJC_LITERAL_CONVERSION = YES;
				CLANG_WARN_OBJC_ROOT_CLASS = YES_ERROR;
				CLANG_WARN_RANGE_LOOP_ANALYSIS = YES;
				CLANG_WARN_STRICT_PROTOTYPES = YES;
				CLANG_WARN_SUSPICIOUS_MOVE = YES;
				CLANG_WARN_SUSPICIOUS_MOVES = YES;
				CLANG_WARN_UNREACHABLE_CODE = YES;
				CLANG_WARN__DUPLICATE_METHOD_MATCH = YES;
				"CODE_SIGN_IDENTITY[sdk=iphoneos*]" = "iPhone Developer";
				COPY_PHASE_STRIP = NO;
				DEBUG_INFORMATION_FORMAT = dwarf;
				ENABLE_STRICT_OBJC_MSGSEND = YES;
				ENABLE_TESTABILITY = YES;
				GCC_C_LANGUAGE_STANDARD = gnu99;
				GCC_DYNAMIC_NO_PIC = NO;
				GCC_NO_COMMON_BLOCKS = YES;
				GCC_OPTIMIZATION_LEVEL = 0;
				GCC_PREPROCESSOR_DEFINITIONS = (
					"DEBUG=1",
					"$(inherited)",
				);
				GCC_WARN_64_TO_32_BIT_CONVERSION = YES;
				GCC_WARN_ABOUT_RETURN_TYPE = YES_ERROR;
				GCC_WARN_UNDECLARED_SELECTOR = YES;
				GCC_WARN_UNINITIALIZED_AUTOS = YES_AGGRESSIVE;
				GCC_WARN_UNUSED_FUNCTION = YES;
				GCC_WARN_UNUSED_VARIABLE = YES;
				IPHONEOS_DEPLOYMENT_TARGET = 11.0;
				MTL_ENABLE_DEBUG_INFO = YES;
				ONLY_ACTIVE_ARCH = YES;
				SDKROOT = iphoneos;
				SWIFT_ACTIVE_COMPILATION_CONDITIONS = DEBUG;
				SWIFT_OPTIMIZATION_LEVEL = "-Onone";
				SWIFT_VERSION = 4.0;
				TARGETED_DEVICE_FAMILY = "1,2";
			};
			name = Debug;
		};
		0A2A00AC1DEA32BC00AD3839 /* Release */ = {
			isa = XCBuildConfiguration;
			buildSettings = {
				ALWAYS_SEARCH_USER_PATHS = NO;
				CLANG_ANALYZER_NONNULL = YES;
				CLANG_CXX_LANGUAGE_STANDARD = "gnu++0x";
				CLANG_CXX_LIBRARY = "libc++";
				CLANG_ENABLE_MODULES = YES;
				CLANG_ENABLE_OBJC_ARC = YES;
				CLANG_WARN_BLOCK_CAPTURE_AUTORELEASING = YES;
				CLANG_WARN_BOOL_CONVERSION = YES;
				CLANG_WARN_COMMA = YES;
				CLANG_WARN_CONSTANT_CONVERSION = YES;
				CLANG_WARN_DIRECT_OBJC_ISA_USAGE = YES_ERROR;
				CLANG_WARN_DOCUMENTATION_COMMENTS = YES;
				CLANG_WARN_EMPTY_BODY = YES;
				CLANG_WARN_ENUM_CONVERSION = YES;
				CLANG_WARN_INFINITE_RECURSION = YES;
				CLANG_WARN_INT_CONVERSION = YES;
				CLANG_WARN_NON_LITERAL_NULL_CONVERSION = YES;
				CLANG_WARN_OBJC_LITERAL_CONVERSION = YES;
				CLANG_WARN_OBJC_ROOT_CLASS = YES_ERROR;
				CLANG_WARN_RANGE_LOOP_ANALYSIS = YES;
				CLANG_WARN_STRICT_PROTOTYPES = YES;
				CLANG_WARN_SUSPICIOUS_MOVE = YES;
				CLANG_WARN_SUSPICIOUS_MOVES = YES;
				CLANG_WARN_UNREACHABLE_CODE = YES;
				CLANG_WARN__DUPLICATE_METHOD_MATCH = YES;
				"CODE_SIGN_IDENTITY[sdk=iphoneos*]" = "iPhone Developer";
				COPY_PHASE_STRIP = NO;
				DEBUG_INFORMATION_FORMAT = "dwarf-with-dsym";
				ENABLE_NS_ASSERTIONS = NO;
				ENABLE_STRICT_OBJC_MSGSEND = YES;
				GCC_C_LANGUAGE_STANDARD = gnu99;
				GCC_NO_COMMON_BLOCKS = YES;
				GCC_WARN_64_TO_32_BIT_CONVERSION = YES;
				GCC_WARN_ABOUT_RETURN_TYPE = YES_ERROR;
				GCC_WARN_UNDECLARED_SELECTOR = YES;
				GCC_WARN_UNINITIALIZED_AUTOS = YES_AGGRESSIVE;
				GCC_WARN_UNUSED_FUNCTION = YES;
				GCC_WARN_UNUSED_VARIABLE = YES;
				IPHONEOS_DEPLOYMENT_TARGET = 11.0;
				MTL_ENABLE_DEBUG_INFO = NO;
				SDKROOT = iphoneos;
				SWIFT_OPTIMIZATION_LEVEL = "-Owholemodule";
				SWIFT_VERSION = 4.0;
				TARGETED_DEVICE_FAMILY = "1,2";
				VALIDATE_PRODUCT = YES;
			};
			name = Release;
		};
		0A2A00AE1DEA32BC00AD3839 /* Debug */ = {
			isa = XCBuildConfiguration;
			buildSettings = {
				ASSETCATALOG_COMPILER_APPICON_NAME = AppIcon;
				INFOPLIST_FILE = TableView/Info.plist;
				IPHONEOS_DEPLOYMENT_TARGET = 11.0;
				LD_RUNPATH_SEARCH_PATHS = "$(inherited) @executable_path/Frameworks";
				PRODUCT_BUNDLE_IDENTIFIER = com.svenfackert.TableView;
				PRODUCT_NAME = "$(TARGET_NAME)";
				SWIFT_VERSION = 4.0;
			};
			name = Debug;
		};
		0A2A00AF1DEA32BC00AD3839 /* Release */ = {
			isa = XCBuildConfiguration;
			buildSettings = {
				ASSETCATALOG_COMPILER_APPICON_NAME = AppIcon;
				INFOPLIST_FILE = TableView/Info.plist;
				IPHONEOS_DEPLOYMENT_TARGET = 11.0;
				LD_RUNPATH_SEARCH_PATHS = "$(inherited) @executable_path/Frameworks";
				PRODUCT_BUNDLE_IDENTIFIER = com.svenfackert.TableView;
				PRODUCT_NAME = "$(TARGET_NAME)";
				SWIFT_VERSION = 4.0;
			};
			name = Release;
		};
/* End XCBuildConfiguration section */

/* Begin XCConfigurationList section */
		0A2A00961DEA32BC00AD3839 /* Build configuration list for PBXProject "TableView" */ = {
			isa = XCConfigurationList;
			buildConfigurations = (
				0A2A00AB1DEA32BC00AD3839 /* Debug */,
				0A2A00AC1DEA32BC00AD3839 /* Release */,
			);
			defaultConfigurationIsVisible = 0;
			defaultConfigurationName = Release;
		};
		0A2A00AD1DEA32BC00AD3839 /* Build configuration list for PBXNativeTarget "TableView" */ = {
			isa = XCConfigurationList;
			buildConfigurations = (
				0A2A00AE1DEA32BC00AD3839 /* Debug */,
				0A2A00AF1DEA32BC00AD3839 /* Release */,
			);
			defaultConfigurationIsVisible = 0;
			defaultConfigurationName = Release;
		};
/* End XCConfigurationList section */
	};
	rootObject = 0A2A00931DEA32BC00AD3839 /* Project object */;
}
